
Microsoft Visual Studio Solution File, Format Version 12.00
# Visual Studio Version 16
VisualStudioVersion = 16.0.29411.108
MinimumVisualStudioVersion = 10.0.40219.1
Project("{888888A0-9F3D-457C-B088-3A5042F75D52}") = "Q2.1.1.2_soln", "Q2.1.1.2_soln\Q2.1.1.2_soln.pyproj", "{324959DE-3A0E-46B3-88AD-8D2FAF76E481}"
EndProject
Global
	GlobalSection(SolutionConfigurationPlatforms) = preSolution
		Debug|Any CPU = Debug|Any CPU
		Release|Any CPU = Release|Any CPU
	EndGlobalSection
	GlobalSection(ProjectConfigurationPlatforms) = postSolution
		{324959DE-3A0E-46B3-88AD-8D2FAF76E481}.Debug|Any CPU.ActiveCfg = Debug|Any CPU
		{324959DE-3A0E-46B3-88AD-8D2FAF76E481}.Release|Any CPU.ActiveCfg = Release|Any CPU
	EndGlobalSection
	GlobalSection(SolutionProperties) = preSolution
		HideSolutionNode = FALSE
	EndGlobalSection
	GlobalSection(ExtensibilityGlobals) = postSolution
		SolutionGuid = {E0A2ADE2-9168-4D60-B8DF-7B5A4538B25D}
	EndGlobalSection
EndGlobal
